
Microsoft Visual Studio Solution File, Format Version 12.00
# Visual Studio Version 17
VisualStudioVersion = 17.3.32929.385
MinimumVisualStudioVersion = 10.0.40219.1
Project("{F184B08F-C81C-45F6-A57F-5ABD9991F28F}") = "feb5", "feb5\feb5.vbproj", "{46AE4DE5-7A7E-42E6-9B0B-7E5A5827D352}"
EndProject
Global
	GlobalSection(SolutionConfigurationPlatforms) = preSolution
		Debug|Any CPU = Debug|Any CPU
		Release|Any CPU = Release|Any CPU
	EndGlobalSection
	GlobalSection(ProjectConfigurationPlatforms) = postSolution
		{46AE4DE5-7A7E-42E6-9B0B-7E5A5827D352}.Debug|Any CPU.ActiveCfg = Debug|Any CPU
		{46AE4DE5-7A7E-42E6-9B0B-7E5A5827D352}.Debug|Any CPU.Build.0 = Debug|Any CPU
		{46AE4DE5-7A7E-42E6-9B0B-7E5A5827D352}.Release|Any CPU.ActiveCfg = Release|Any CPU
		{46AE4DE5-7A7E-42E6-9B0B-7E5A5827D352}.Release|Any CPU.Build.0 = Release|Any CPU
	EndGlobalSection
	GlobalSection(SolutionProperties) = preSolution
		HideSolutionNode = FALSE
	EndGlobalSection
	GlobalSection(ExtensibilityGlobals) = postSolution
		SolutionGuid = {424D40C5-8BDF-43D9-AB1F-910DB46C423C}
	EndGlobalSection
EndGlobal
